
Microsoft Visual Studio Solution File, Format Version 12.00
# Visual Studio 15
VisualStudioVersion = 15.0.26403.3
MinimumVisualStudioVersion = 10.0.40219.1
Project("{FAE04EC0-301F-11D3-BF4B-00C04F79EFBC}") = "01.DayОfWeek", "01.DayОfWeek\01.DayОfWeek.csproj", "{E46FCBD5-AC99-4651-A8A0-078295E0DC68}"
EndProject
Project("{FAE04EC0-301F-11D3-BF4B-00C04F79EFBC}") = "02.ReverseArrayOfIntegers", "02.ReverseArrayOfIntegers\02.ReverseArrayOfIntegers.csproj", "{F912137F-3BD2-4871-85D3-AA9B311D25E3}"
EndProject
Project("{FAE04EC0-301F-11D3-BF4B-00C04F79EFBC}") = "03.LastKNumbersSums", "03.LastKNumbersSums\03.LastKNumbersSums.csproj", "{126E3F52-19BD-4E71-A374-B5A037C4B5B0}"
EndProject
Project("{FAE04EC0-301F-11D3-BF4B-00C04F79EFBC}") = "04.TripleSum", "04.TripleSum\04.TripleSum.csproj", "{142AC0DC-751D-4C6C-8E33-9E6780E0E190}"
EndProject
Project("{FAE04EC0-301F-11D3-BF4B-00C04F79EFBC}") = "05.RoundingNumbers", "05.RoundingNumbers\05.RoundingNumbers.csproj", "{2F1CCE6C-3BD4-4CE1-AA1E-AE584819CE64}"
EndProject
Project("{FAE04EC0-301F-11D3-BF4B-00C04F79EFBC}") = "06.ReverseArrayOfStrings", "06.ReverseArrayOfStrings\06.ReverseArrayOfStrings.csproj", "{5E62600A-AC02-4330-B2D0-19EB62EEB1A5}"
EndProject
Project("{FAE04EC0-301F-11D3-BF4B-00C04F79EFBC}") = "07.SumArrays", "07.SumArrays\07.SumArrays.csproj", "{7565CC16-527F-4F42-B1FE-DE00EE96D152}"
EndProject
Project("{FAE04EC0-301F-11D3-BF4B-00C04F79EFBC}") = "08.CondenseArrayToNumber", "08.CondenseArrayToNumber\08.CondenseArrayToNumber.csproj", "{28BAD968-8430-4220-AA34-C6BBFA7C56FE}"
EndProject
Project("{FAE04EC0-301F-11D3-BF4B-00C04F79EFBC}") = "09.ExtractMiddleElements", "09.ExtractMiddleElements\09.ExtractMiddleElements.csproj", "{C2D911EC-2E4B-4F06-9115-ACEE56B3215C}"
EndProject
Global
	GlobalSection(SolutionConfigurationPlatforms) = preSolution
		Debug|Any CPU = Debug|Any CPU
		Release|Any CPU = Release|Any CPU
	EndGlobalSection
	GlobalSection(ProjectConfigurationPlatforms) = postSolution
		{E46FCBD5-AC99-4651-A8A0-078295E0DC68}.Debug|Any CPU.ActiveCfg = Debug|Any CPU
		{E46FCBD5-AC99-4651-A8A0-078295E0DC68}.Debug|Any CPU.Build.0 = Debug|Any CPU
		{E46FCBD5-AC99-4651-A8A0-078295E0DC68}.Release|Any CPU.ActiveCfg = Release|Any CPU
		{E46FCBD5-AC99-4651-A8A0-078295E0DC68}.Release|Any CPU.Build.0 = Release|Any CPU
		{F912137F-3BD2-4871-85D3-AA9B311D25E3}.Debug|Any CPU.ActiveCfg = Debug|Any CPU
		{F912137F-3BD2-4871-85D3-AA9B311D25E3}.Debug|Any CPU.Build.0 = Debug|Any CPU
		{F912137F-3BD2-4871-85D3-AA9B311D25E3}.Release|Any CPU.ActiveCfg = Release|Any CPU
		{F912137F-3BD2-4871-85D3-AA9B311D25E3}.Release|Any CPU.Build.0 = Release|Any CPU
		{126E3F52-19BD-4E71-A374-B5A037C4B5B0}.Debug|Any CPU.ActiveCfg = Debug|Any CPU
		{126E3F52-19BD-4E71-A374-B5A037C4B5B0}.Debug|Any CPU.Build.0 = Debug|Any CPU
		{126E3F52-19BD-4E71-A374-B5A037C4B5B0}.Release|Any CPU.ActiveCfg = Release|Any CPU
		{126E3F52-19BD-4E71-A374-B5A037C4B5B0}.Release|Any CPU.Build.0 = Release|Any CPU
		{142AC0DC-751D-4C6C-8E33-9E6780E0E190}.Debug|Any CPU.ActiveCfg = Debug|Any CPU
		{142AC0DC-751D-4C6C-8E33-9E6780E0E190}.Debug|Any CPU.Build.0 = Debug|Any CPU
		{142AC0DC-751D-4C6C-8E33-9E6780E0E190}.Release|Any CPU.ActiveCfg = Release|Any CPU
		{142AC0DC-751D-4C6C-8E33-9E6780E0E190}.Release|Any CPU.Build.0 = Release|Any CPU
		{2F1CCE6C-3BD4-4CE1-AA1E-AE584819CE64}.Debug|Any CPU.ActiveCfg = Debug|Any CPU
		{2F1CCE6C-3BD4-4CE1-AA1E-AE584819CE64}.Debug|Any CPU.Build.0 = Debug|Any CPU
		{2F1CCE6C-3BD4-4CE1-AA1E-AE584819CE64}.Release|Any CPU.ActiveCfg = Release|Any CPU
		{2F1CCE6C-3BD4-4CE1-AA1E-AE584819CE64}.Release|Any CPU.Build.0 = Release|Any CPU
		{5E62600A-AC02-4330-B2D0-19EB62EEB1A5}.Debug|Any CPU.ActiveCfg = Debug|Any CPU
		{5E62600A-AC02-4330-B2D0-19EB62EEB1A5}.Debug|Any CPU.Build.0 = Debug|Any CPU
		{5E62600A-AC02-4330-B2D0-19EB62EEB1A5}.Release|Any CPU.ActiveCfg = Release|Any CPU
		{5E62600A-AC02-4330-B2D0-19EB62EEB1A5}.Release|Any CPU.Build.0 = Release|Any CPU
		{7565CC16-527F-4F42-B1FE-DE00EE96D152}.Debug|Any CPU.ActiveCfg = Debug|Any CPU
		{7565CC16-527F-4F42-B1FE-DE00EE96D152}.Debug|Any CPU.Build.0 = Debug|Any CPU
		{7565CC16-527F-4F42-B1FE-DE00EE96D152}.Release|Any CPU.ActiveCfg = Release|Any CPU
		{7565CC16-527F-4F42-B1FE-DE00EE96D152}.Release|Any CPU.Build.0 = Release|Any CPU
		{28BAD968-8430-4220-AA34-C6BBFA7C56FE}.Debug|Any CPU.ActiveCfg = Debug|Any CPU
		{28BAD968-8430-4220-AA34-C6BBFA7C56FE}.Debug|Any CPU.Build.0 = Debug|Any CPU
		{28BAD968-8430-4220-AA34-C6BBFA7C56FE}.Release|Any CPU.ActiveCfg = Release|Any CPU
		{28BAD968-8430-4220-AA34-C6BBFA7C56FE}.Release|Any CPU.Build.0 = Release|Any CPU
		{C2D911EC-2E4B-4F06-9115-ACEE56B3215C}.Debug|Any CPU.ActiveCfg = Debug|Any CPU
		{C2D911EC-2E4B-4F06-9115-ACEE56B3215C}.Debug|Any CPU.Build.0 = Debug|Any CPU
		{C2D911EC-2E4B-4F06-9115-ACEE56B3215C}.Release|Any CPU.ActiveCfg = Release|Any CPU
		{C2D911EC-2E4B-4F06-9115-ACEE56B3215C}.Release|Any CPU.Build.0 = Release|Any CPU
	EndGlobalSection
	GlobalSection(SolutionProperties) = preSolution
		HideSolutionNode = FALSE
	EndGlobalSection
EndGlobal
