
Microsoft Visual Studio Solution File, Format Version 12.00
# Visual Studio 15
VisualStudioVersion = 15.0.26403.3
MinimumVisualStudioVersion = 10.0.40219.1
Project("{FAE04EC0-301F-11D3-BF4B-00C04F79EFBC}") = "01. Count Real Numbers", "01. Count Real Numbers\01. Count Real Numbers.csproj", "{BDC82ABD-7FD0-47DC-83C7-D2FBE54B8330}"
EndProject
Project("{FAE04EC0-301F-11D3-BF4B-00C04F79EFBC}") = "logUsers", "logUsers\logUsers.csproj", "{1BF39BDF-5C50-4476-8F70-602DFE1143B7}"
EndProject
Global
	GlobalSection(SolutionConfigurationPlatforms) = preSolution
		Debug|Any CPU = Debug|Any CPU
		Release|Any CPU = Release|Any CPU
	EndGlobalSection
	GlobalSection(ProjectConfigurationPlatforms) = postSolution
		{BDC82ABD-7FD0-47DC-83C7-D2FBE54B8330}.Debug|Any CPU.ActiveCfg = Debug|Any CPU
		{BDC82ABD-7FD0-47DC-83C7-D2FBE54B8330}.Debug|Any CPU.Build.0 = Debug|Any CPU
		{BDC82ABD-7FD0-47DC-83C7-D2FBE54B8330}.Release|Any CPU.ActiveCfg = Release|Any CPU
		{BDC82ABD-7FD0-47DC-83C7-D2FBE54B8330}.Release|Any CPU.Build.0 = Release|Any CPU
		{1BF39BDF-5C50-4476-8F70-602DFE1143B7}.Debug|Any CPU.ActiveCfg = Debug|Any CPU
		{1BF39BDF-5C50-4476-8F70-602DFE1143B7}.Debug|Any CPU.Build.0 = Debug|Any CPU
		{1BF39BDF-5C50-4476-8F70-602DFE1143B7}.Release|Any CPU.ActiveCfg = Release|Any CPU
		{1BF39BDF-5C50-4476-8F70-602DFE1143B7}.Release|Any CPU.Build.0 = Release|Any CPU
	EndGlobalSection
	GlobalSection(SolutionProperties) = preSolution
		HideSolutionNode = FALSE
	EndGlobalSection
EndGlobal
