
Microsoft Visual Studio Solution File, Format Version 12.00
# Visual Studio 15
VisualStudioVersion = 15.0.26403.3
MinimumVisualStudioVersion = 10.0.40219.1
Project("{FAE04EC0-301F-11D3-BF4B-00C04F79EFBC}") = "01. Thea the Photographer", "01. Thea the Photographer\01. Thea the Photographer.csproj", "{FB252288-9E6B-4B8C-B4C6-AB61D7618899}"
EndProject
Project("{FAE04EC0-301F-11D3-BF4B-00C04F79EFBC}") = "02. Trophon the Grumpy Cat", "02. Trophon the Grumpy Cat\02. Trophon the Grumpy Cat.csproj", "{5375CDAE-E9D3-4FAF-8543-ECCBD18DAB51}"
EndProject
Project("{FAE04EC0-301F-11D3-BF4B-00C04F79EFBC}") = "03. Portal", "03. Portal\03. Portal.csproj", "{E70A58CB-8161-41C9-8D06-99403639C2A8}"
EndProject
Project("{FAE04EC0-301F-11D3-BF4B-00C04F79EFBC}") = "04. Files", "04. Files\04. Files.csproj", "{CFDDF86D-1001-4720-99EB-7B6D17C80E3C}"
EndProject
Global
	GlobalSection(SolutionConfigurationPlatforms) = preSolution
		Debug|Any CPU = Debug|Any CPU
		Release|Any CPU = Release|Any CPU
	EndGlobalSection
	GlobalSection(ProjectConfigurationPlatforms) = postSolution
		{FB252288-9E6B-4B8C-B4C6-AB61D7618899}.Debug|Any CPU.ActiveCfg = Debug|Any CPU
		{FB252288-9E6B-4B8C-B4C6-AB61D7618899}.Debug|Any CPU.Build.0 = Debug|Any CPU
		{FB252288-9E6B-4B8C-B4C6-AB61D7618899}.Release|Any CPU.ActiveCfg = Release|Any CPU
		{FB252288-9E6B-4B8C-B4C6-AB61D7618899}.Release|Any CPU.Build.0 = Release|Any CPU
		{5375CDAE-E9D3-4FAF-8543-ECCBD18DAB51}.Debug|Any CPU.ActiveCfg = Debug|Any CPU
		{5375CDAE-E9D3-4FAF-8543-ECCBD18DAB51}.Debug|Any CPU.Build.0 = Debug|Any CPU
		{5375CDAE-E9D3-4FAF-8543-ECCBD18DAB51}.Release|Any CPU.ActiveCfg = Release|Any CPU
		{5375CDAE-E9D3-4FAF-8543-ECCBD18DAB51}.Release|Any CPU.Build.0 = Release|Any CPU
		{E70A58CB-8161-41C9-8D06-99403639C2A8}.Debug|Any CPU.ActiveCfg = Debug|Any CPU
		{E70A58CB-8161-41C9-8D06-99403639C2A8}.Debug|Any CPU.Build.0 = Debug|Any CPU
		{E70A58CB-8161-41C9-8D06-99403639C2A8}.Release|Any CPU.ActiveCfg = Release|Any CPU
		{E70A58CB-8161-41C9-8D06-99403639C2A8}.Release|Any CPU.Build.0 = Release|Any CPU
		{CFDDF86D-1001-4720-99EB-7B6D17C80E3C}.Debug|Any CPU.ActiveCfg = Debug|Any CPU
		{CFDDF86D-1001-4720-99EB-7B6D17C80E3C}.Debug|Any CPU.Build.0 = Debug|Any CPU
		{CFDDF86D-1001-4720-99EB-7B6D17C80E3C}.Release|Any CPU.ActiveCfg = Release|Any CPU
		{CFDDF86D-1001-4720-99EB-7B6D17C80E3C}.Release|Any CPU.Build.0 = Release|Any CPU
	EndGlobalSection
	GlobalSection(SolutionProperties) = preSolution
		HideSolutionNode = FALSE
	EndGlobalSection
EndGlobal
