
Microsoft Visual Studio Solution File, Format Version 12.00
# Visual Studio 15
VisualStudioVersion = 15.0.26403.3
MinimumVisualStudioVersion = 10.0.40219.1
Project("{FAE04EC0-301F-11D3-BF4B-00C04F79EFBC}") = "01.CountWorkingDays", "01.CountWorkingDays\01.CountWorkingDays.csproj", "{E1BDBD6D-753C-495A-AB07-88F078018F71}"
EndProject
Project("{FAE04EC0-301F-11D3-BF4B-00C04F79EFBC}") = "02.AdvertisementMessage", "02.AdvertisementMessage\02.AdvertisementMessage.csproj", "{B4B8905A-809F-4ED0-A63B-78DE35A88AEF}"
EndProject
Project("{FAE04EC0-301F-11D3-BF4B-00C04F79EFBC}") = "03.CirclesIntersection", "03.CirclesIntersection\03.CirclesIntersection.csproj", "{42BE334B-F2E5-449F-97FD-D3B08F261964}"
EndProject
Project("{FAE04EC0-301F-11D3-BF4B-00C04F79EFBC}") = "04.AverageGrades", "04.AverageGrades\04.AverageGrades.csproj", "{0CB37AF6-60F9-4E0C-8ACB-3F9694A761C6}"
EndProject
Project("{FAE04EC0-301F-11D3-BF4B-00C04F79EFBC}") = "05.BookLibrary", "05.BookLibrary\05.BookLibrary.csproj", "{DFCB9D5E-993B-4C15-B339-447151B3FA86}"
EndProject
Project("{FAE04EC0-301F-11D3-BF4B-00C04F79EFBC}") = "06.BookLibraryModification", "06.BookLibraryModification\06.BookLibraryModification.csproj", "{05161375-BE8C-4B2D-A320-331DFBEBDA23}"
EndProject
Project("{FAE04EC0-301F-11D3-BF4B-00C04F79EFBC}") = "07.AndreyandBilliard", "07.AndreyandBilliard\07.AndreyandBilliard.csproj", "{BDFC9B4C-3883-47B1-B7C7-F8195EC6AEA7}"
EndProject
Project("{FAE04EC0-301F-11D3-BF4B-00C04F79EFBC}") = "08. Mentor Group", "08. Mentor Group\08. Mentor Group.csproj", "{D4A67B86-7892-4E79-8A28-6E28E84AE1EA}"
EndProject
Project("{FAE04EC0-301F-11D3-BF4B-00C04F79EFBC}") = "09. Teamwork Projects", "09. Teamwork Projects\09. Teamwork Projects.csproj", "{7585BB80-7324-47B9-80C4-DDB9E6B70181}"
EndProject
Project("{FAE04EC0-301F-11D3-BF4B-00C04F79EFBC}") = "TeamWorkProject with object", "TeamWorkProject with object\TeamWorkProject with object.csproj", "{F9533DB0-25B8-455A-9622-8B17C74FF657}"
EndProject
Project("{FAE04EC0-301F-11D3-BF4B-00C04F79EFBC}") = "10. Student Groups", "10. Student Groups\10. Student Groups.csproj", "{EA7C44A8-EFC8-4C8B-B29D-B3043157D6F5}"
EndProject
Project("{FAE04EC0-301F-11D3-BF4B-00C04F79EFBC}") = "StudentsGroupWithoutMethods", "StudentsGroupWithoutMethods\StudentsGroupWithoutMethods.csproj", "{EBE4848F-EF4A-41EE-B334-9A93EE44D760}"
EndProject
Global
	GlobalSection(SolutionConfigurationPlatforms) = preSolution
		Debug|Any CPU = Debug|Any CPU
		Release|Any CPU = Release|Any CPU
	EndGlobalSection
	GlobalSection(ProjectConfigurationPlatforms) = postSolution
		{E1BDBD6D-753C-495A-AB07-88F078018F71}.Debug|Any CPU.ActiveCfg = Debug|Any CPU
		{E1BDBD6D-753C-495A-AB07-88F078018F71}.Debug|Any CPU.Build.0 = Debug|Any CPU
		{E1BDBD6D-753C-495A-AB07-88F078018F71}.Release|Any CPU.ActiveCfg = Release|Any CPU
		{E1BDBD6D-753C-495A-AB07-88F078018F71}.Release|Any CPU.Build.0 = Release|Any CPU
		{B4B8905A-809F-4ED0-A63B-78DE35A88AEF}.Debug|Any CPU.ActiveCfg = Debug|Any CPU
		{B4B8905A-809F-4ED0-A63B-78DE35A88AEF}.Debug|Any CPU.Build.0 = Debug|Any CPU
		{B4B8905A-809F-4ED0-A63B-78DE35A88AEF}.Release|Any CPU.ActiveCfg = Release|Any CPU
		{B4B8905A-809F-4ED0-A63B-78DE35A88AEF}.Release|Any CPU.Build.0 = Release|Any CPU
		{42BE334B-F2E5-449F-97FD-D3B08F261964}.Debug|Any CPU.ActiveCfg = Debug|Any CPU
		{42BE334B-F2E5-449F-97FD-D3B08F261964}.Debug|Any CPU.Build.0 = Debug|Any CPU
		{42BE334B-F2E5-449F-97FD-D3B08F261964}.Release|Any CPU.ActiveCfg = Release|Any CPU
		{42BE334B-F2E5-449F-97FD-D3B08F261964}.Release|Any CPU.Build.0 = Release|Any CPU
		{0CB37AF6-60F9-4E0C-8ACB-3F9694A761C6}.Debug|Any CPU.ActiveCfg = Debug|Any CPU
		{0CB37AF6-60F9-4E0C-8ACB-3F9694A761C6}.Debug|Any CPU.Build.0 = Debug|Any CPU
		{0CB37AF6-60F9-4E0C-8ACB-3F9694A761C6}.Release|Any CPU.ActiveCfg = Release|Any CPU
		{0CB37AF6-60F9-4E0C-8ACB-3F9694A761C6}.Release|Any CPU.Build.0 = Release|Any CPU
		{DFCB9D5E-993B-4C15-B339-447151B3FA86}.Debug|Any CPU.ActiveCfg = Debug|Any CPU
		{DFCB9D5E-993B-4C15-B339-447151B3FA86}.Debug|Any CPU.Build.0 = Debug|Any CPU
		{DFCB9D5E-993B-4C15-B339-447151B3FA86}.Release|Any CPU.ActiveCfg = Release|Any CPU
		{DFCB9D5E-993B-4C15-B339-447151B3FA86}.Release|Any CPU.Build.0 = Release|Any CPU
		{05161375-BE8C-4B2D-A320-331DFBEBDA23}.Debug|Any CPU.ActiveCfg = Debug|Any CPU
		{05161375-BE8C-4B2D-A320-331DFBEBDA23}.Debug|Any CPU.Build.0 = Debug|Any CPU
		{05161375-BE8C-4B2D-A320-331DFBEBDA23}.Release|Any CPU.ActiveCfg = Release|Any CPU
		{05161375-BE8C-4B2D-A320-331DFBEBDA23}.Release|Any CPU.Build.0 = Release|Any CPU
		{BDFC9B4C-3883-47B1-B7C7-F8195EC6AEA7}.Debug|Any CPU.ActiveCfg = Debug|Any CPU
		{BDFC9B4C-3883-47B1-B7C7-F8195EC6AEA7}.Debug|Any CPU.Build.0 = Debug|Any CPU
		{BDFC9B4C-3883-47B1-B7C7-F8195EC6AEA7}.Release|Any CPU.ActiveCfg = Release|Any CPU
		{BDFC9B4C-3883-47B1-B7C7-F8195EC6AEA7}.Release|Any CPU.Build.0 = Release|Any CPU
		{D4A67B86-7892-4E79-8A28-6E28E84AE1EA}.Debug|Any CPU.ActiveCfg = Debug|Any CPU
		{D4A67B86-7892-4E79-8A28-6E28E84AE1EA}.Debug|Any CPU.Build.0 = Debug|Any CPU
		{D4A67B86-7892-4E79-8A28-6E28E84AE1EA}.Release|Any CPU.ActiveCfg = Release|Any CPU
		{D4A67B86-7892-4E79-8A28-6E28E84AE1EA}.Release|Any CPU.Build.0 = Release|Any CPU
		{7585BB80-7324-47B9-80C4-DDB9E6B70181}.Debug|Any CPU.ActiveCfg = Debug|Any CPU
		{7585BB80-7324-47B9-80C4-DDB9E6B70181}.Debug|Any CPU.Build.0 = Debug|Any CPU
		{7585BB80-7324-47B9-80C4-DDB9E6B70181}.Release|Any CPU.ActiveCfg = Release|Any CPU
		{7585BB80-7324-47B9-80C4-DDB9E6B70181}.Release|Any CPU.Build.0 = Release|Any CPU
		{F9533DB0-25B8-455A-9622-8B17C74FF657}.Debug|Any CPU.ActiveCfg = Debug|Any CPU
		{F9533DB0-25B8-455A-9622-8B17C74FF657}.Debug|Any CPU.Build.0 = Debug|Any CPU
		{F9533DB0-25B8-455A-9622-8B17C74FF657}.Release|Any CPU.ActiveCfg = Release|Any CPU
		{F9533DB0-25B8-455A-9622-8B17C74FF657}.Release|Any CPU.Build.0 = Release|Any CPU
		{EA7C44A8-EFC8-4C8B-B29D-B3043157D6F5}.Debug|Any CPU.ActiveCfg = Debug|Any CPU
		{EA7C44A8-EFC8-4C8B-B29D-B3043157D6F5}.Debug|Any CPU.Build.0 = Debug|Any CPU
		{EA7C44A8-EFC8-4C8B-B29D-B3043157D6F5}.Release|Any CPU.ActiveCfg = Release|Any CPU
		{EA7C44A8-EFC8-4C8B-B29D-B3043157D6F5}.Release|Any CPU.Build.0 = Release|Any CPU
		{EBE4848F-EF4A-41EE-B334-9A93EE44D760}.Debug|Any CPU.ActiveCfg = Debug|Any CPU
		{EBE4848F-EF4A-41EE-B334-9A93EE44D760}.Debug|Any CPU.Build.0 = Debug|Any CPU
		{EBE4848F-EF4A-41EE-B334-9A93EE44D760}.Release|Any CPU.ActiveCfg = Release|Any CPU
		{EBE4848F-EF4A-41EE-B334-9A93EE44D760}.Release|Any CPU.Build.0 = Release|Any CPU
	EndGlobalSection
	GlobalSection(SolutionProperties) = preSolution
		HideSolutionNode = FALSE
	EndGlobalSection
EndGlobal
