
Microsoft Visual Studio Solution File, Format Version 12.00
# Visual Studio 15
VisualStudioVersion = 15.0.26403.3
MinimumVisualStudioVersion = 10.0.40219.1
Project("{FAE04EC0-301F-11D3-BF4B-00C04F79EFBC}") = "01. Sweet Dessert", "01. Sweet Dessert\01. Sweet Dessert.csproj", "{BC5E7A40-9EBA-4CD8-AD69-D1F849E64782}"
EndProject
Project("{FAE04EC0-301F-11D3-BF4B-00C04F79EFBC}") = "02. Array Modifier", "02. Array Modifier\02. Array Modifier.csproj", "{1DDF54E2-836C-49D3-B763-0BB304086AE1}"
EndProject
Project("{FAE04EC0-301F-11D3-BF4B-00C04F79EFBC}") = "04. Population Aggregation", "04. Population Aggregation\04. Population Aggregation.csproj", "{23E3BD0A-9AC3-49FE-A59C-34E16E08E9EE}"
EndProject
Project("{FAE04EC0-301F-11D3-BF4B-00C04F79EFBC}") = "04. Population with Dictionary", "04. Population with Dictionary\04. Population with Dictionary.csproj", "{B6853C2A-A6AC-40DB-949E-E98FE27DF4C9}"
EndProject
Global
	GlobalSection(SolutionConfigurationPlatforms) = preSolution
		Debug|Any CPU = Debug|Any CPU
		Release|Any CPU = Release|Any CPU
	EndGlobalSection
	GlobalSection(ProjectConfigurationPlatforms) = postSolution
		{BC5E7A40-9EBA-4CD8-AD69-D1F849E64782}.Debug|Any CPU.ActiveCfg = Debug|Any CPU
		{BC5E7A40-9EBA-4CD8-AD69-D1F849E64782}.Debug|Any CPU.Build.0 = Debug|Any CPU
		{BC5E7A40-9EBA-4CD8-AD69-D1F849E64782}.Release|Any CPU.ActiveCfg = Release|Any CPU
		{BC5E7A40-9EBA-4CD8-AD69-D1F849E64782}.Release|Any CPU.Build.0 = Release|Any CPU
		{1DDF54E2-836C-49D3-B763-0BB304086AE1}.Debug|Any CPU.ActiveCfg = Debug|Any CPU
		{1DDF54E2-836C-49D3-B763-0BB304086AE1}.Debug|Any CPU.Build.0 = Debug|Any CPU
		{1DDF54E2-836C-49D3-B763-0BB304086AE1}.Release|Any CPU.ActiveCfg = Release|Any CPU
		{1DDF54E2-836C-49D3-B763-0BB304086AE1}.Release|Any CPU.Build.0 = Release|Any CPU
		{23E3BD0A-9AC3-49FE-A59C-34E16E08E9EE}.Debug|Any CPU.ActiveCfg = Debug|Any CPU
		{23E3BD0A-9AC3-49FE-A59C-34E16E08E9EE}.Debug|Any CPU.Build.0 = Debug|Any CPU
		{23E3BD0A-9AC3-49FE-A59C-34E16E08E9EE}.Release|Any CPU.ActiveCfg = Release|Any CPU
		{23E3BD0A-9AC3-49FE-A59C-34E16E08E9EE}.Release|Any CPU.Build.0 = Release|Any CPU
		{B6853C2A-A6AC-40DB-949E-E98FE27DF4C9}.Debug|Any CPU.ActiveCfg = Debug|Any CPU
		{B6853C2A-A6AC-40DB-949E-E98FE27DF4C9}.Debug|Any CPU.Build.0 = Debug|Any CPU
		{B6853C2A-A6AC-40DB-949E-E98FE27DF4C9}.Release|Any CPU.ActiveCfg = Release|Any CPU
		{B6853C2A-A6AC-40DB-949E-E98FE27DF4C9}.Release|Any CPU.Build.0 = Release|Any CPU
	EndGlobalSection
	GlobalSection(SolutionProperties) = preSolution
		HideSolutionNode = FALSE
	EndGlobalSection
EndGlobal
